{
  "name": "rick-and-morty",
  "version": "1.0.0",
  "lockfileVersion": 2,
  "requires": true,
  "packages": {
    "": {
      "name": "rick-and-morty",
      "version": "1.0.0",
      "license": "ISC",
      "dependencies": {
        "rickmortyapi": "^2.3.0"
      }
    },
    "node_modules/rickmortyapi": {
      "version": "2.3.0",
      "resolved": "https://registry.npmjs.org/rickmortyapi/-/rickmortyapi-2.3.0.tgz",
      "integrity": "sha512-YSAwmxS1OFRO1gYzxyZpijGXXJ5z1yDGT8U5kYqP5Qc4T3uWWQyQk8L7ty6R0HigIrGIXzht6xBpmshGhqn5sg==",
      "engines": {
        "node": ">= 18"
      }
    }
  },
  "dependencies": {
    "rickmortyapi": {
      "version": "2.3.0",
      "resolved": "https://registry.npmjs.org/rickmortyapi/-/rickmortyapi-2.3.0.tgz",
      "integrity": "sha512-YSAwmxS1OFRO1gYzxyZpijGXXJ5z1yDGT8U5kYqP5Qc4T3uWWQyQk8L7ty6R0HigIrGIXzht6xBpmshGhqn5sg=="
    }
  }
}
